
Microsoft Visual Studio Solution File, Format Version 12.00
# Visual Studio Version 17
VisualStudioVersion = 17.14.36221.1 d17.14
MinimumVisualStudioVersion = 10.0.40219.1
Project("{FAE04EC0-301F-11D3-BF4B-00C04F79EFBC}") = "UI_WinForms", "UI_WinForms\UI_WinForms.csproj", "{9E6F8BF6-413E-472D-A647-48A44E5BA498}"
EndProject
Global
	GlobalSection(SolutionConfigurationPlatforms) = preSolution
		Debug|Any CPU = Debug|Any CPU
		Release|Any CPU = Release|Any CPU
	EndGlobalSection
	GlobalSection(ProjectConfigurationPlatforms) = postSolution
		{9E6F8BF6-413E-472D-A647-48A44E5BA498}.Debug|Any CPU.ActiveCfg = Debug|Any CPU
		{9E6F8BF6-413E-472D-A647-48A44E5BA498}.Debug|Any CPU.Build.0 = Debug|Any CPU
		{9E6F8BF6-413E-472D-A647-48A44E5BA498}.Release|Any CPU.ActiveCfg = Release|Any CPU
		{9E6F8BF6-413E-472D-A647-48A44E5BA498}.Release|Any CPU.Build.0 = Release|Any CPU
	EndGlobalSection
	GlobalSection(SolutionProperties) = preSolution
		HideSolutionNode = FALSE
	EndGlobalSection
	GlobalSection(ExtensibilityGlobals) = postSolution
		SolutionGuid = {DF7D6E0A-C189-4052-AB1F-3E064CCA1684}
	EndGlobalSection
EndGlobal
