
Microsoft Visual Studio Solution File, Format Version 12.00
# Visual Studio Version 17
VisualStudioVersion = 17.14.36221.1
MinimumVisualStudioVersion = 10.0.40219.1
Project("{FAE04EC0-301F-11D3-BF4B-00C04F79EFBC}") = "Laboratory_5", "Laboratory_5\Laboratory_5.csproj", "{4EE0E754-B4A4-4D69-8169-74597D11AC1E}"
EndProject
Project("{FAE04EC0-301F-11D3-BF4B-00C04F79EFBC}") = "UI_Forsm", "UI_Forsm\UI_Forsm.csproj", "{DEB385D7-1D51-4FE4-AF52-DE650E6EF97F}"
EndProject
Global
	GlobalSection(SolutionConfigurationPlatforms) = preSolution
		Debug|Any CPU = Debug|Any CPU
		Release|Any CPU = Release|Any CPU
	EndGlobalSection
	GlobalSection(ProjectConfigurationPlatforms) = postSolution
		{4EE0E754-B4A4-4D69-8169-74597D11AC1E}.Debug|Any CPU.ActiveCfg = Debug|Any CPU
		{4EE0E754-B4A4-4D69-8169-74597D11AC1E}.Debug|Any CPU.Build.0 = Debug|Any CPU
		{4EE0E754-B4A4-4D69-8169-74597D11AC1E}.Release|Any CPU.ActiveCfg = Release|Any CPU
		{4EE0E754-B4A4-4D69-8169-74597D11AC1E}.Release|Any CPU.Build.0 = Release|Any CPU
		{DEB385D7-1D51-4FE4-AF52-DE650E6EF97F}.Debug|Any CPU.ActiveCfg = Debug|Any CPU
		{DEB385D7-1D51-4FE4-AF52-DE650E6EF97F}.Debug|Any CPU.Build.0 = Debug|Any CPU
		{DEB385D7-1D51-4FE4-AF52-DE650E6EF97F}.Release|Any CPU.ActiveCfg = Release|Any CPU
		{DEB385D7-1D51-4FE4-AF52-DE650E6EF97F}.Release|Any CPU.Build.0 = Release|Any CPU
	EndGlobalSection
	GlobalSection(SolutionProperties) = preSolution
		HideSolutionNode = FALSE
	EndGlobalSection
	GlobalSection(ExtensibilityGlobals) = postSolution
		SolutionGuid = {FA3BFFE6-1216-491D-8137-6C7C26F5E79C}
	EndGlobalSection
EndGlobal
